{
  "name": "analisiscnn",
  "lockfileVersion": 3,
  "requires": true,
  "packages": {
    "": {
      "dependencies": {
        "chart.js": "^4.3.0",
        "chartjs-chart-wordcloud": "^4.2.0"
      }
    },
    "node_modules/@kurkle/color": {
      "version": "0.3.2",
      "resolved": "https://registry.npmjs.org/@kurkle/color/-/color-0.3.2.tgz",
      "integrity": "sha512-fuscdXJ9G1qb7W8VdHi+IwRqij3lBkosAm4ydQtEmbY58OzHXqQhvlxqEkoz0yssNVn38bcpRWgA9PP+OGoisw=="
    },
    "node_modules/@types/d3": {
      "version": "3.5.47",
      "resolved": "https://registry.npmjs.org/@types/d3/-/d3-3.5.47.tgz",
      "integrity": "sha512-VkWIQoZXLFdcBGe5pdBKJmTU3fmpXvo/KV6ixvTzOMl1yJ2hbTXpfvsziag0kcaerPDwas2T0vxojwQG3YwivQ=="
    },
    "node_modules/@types/d3-cloud": {
      "version": "1.2.5",
      "resolved": "https://registry.npmjs.org/@types/d3-cloud/-/d3-cloud-1.2.5.tgz",
      "integrity": "sha512-vEIER9DsEBUOdpRiwCh3n1qE+cV6h4e1LhxhY2sLt+m8LPNAIkOOhTlqk0JDiBwD+ZPM8ynFAOU3AuPuVYBFBA==",
      "dependencies": {
        "@types/d3": "^3"
      }
    },
    "node_modules/chart.js": {
      "version": "4.3.0",
      "resolved": "https://registry.npmjs.org/chart.js/-/chart.js-4.3.0.tgz",
      "integrity": "sha512-ynG0E79xGfMaV2xAHdbhwiPLczxnNNnasrmPEXriXsPJGjmhOBYzFVEsB65w2qMDz+CaBJJuJD0inE/ab/h36g==",
      "dependencies": {
        "@kurkle/color": "^0.3.0"
      },
      "engines": {
        "pnpm": ">=7"
      }
    },
    "node_modules/chartjs-chart-wordcloud": {
      "version": "4.2.0",
      "resolved": "https://registry.npmjs.org/chartjs-chart-wordcloud/-/chartjs-chart-wordcloud-4.2.0.tgz",
      "integrity": "sha512-OlUecKzkRGcjzQF3WPlgbNPfF0bkMAk2vINFs/JF5UrzoDZ2oaSNFsfy6S5X4tZVG9yrIS51EbDWktwCi49T9g==",
      "dependencies": {
        "@types/d3-cloud": "^1.2.5",
        "d3-cloud": "^1.2.5"
      },
      "peerDependencies": {
        "chart.js": "^4.1.0"
      }
    },
    "node_modules/d3-cloud": {
      "version": "1.2.5",
      "resolved": "https://registry.npmjs.org/d3-cloud/-/d3-cloud-1.2.5.tgz",
      "integrity": "sha512-4s2hXZgvs0CoUIw31oBAGrHt9Kt/7P9Ik5HIVzISFiWkD0Ga2VLAuO/emO/z1tYIpE7KG2smB4PhMPfFMJpahw==",
      "dependencies": {
        "d3-dispatch": "^1.0.3"
      }
    },
    "node_modules/d3-dispatch": {
      "version": "1.0.6",
      "resolved": "https://registry.npmjs.org/d3-dispatch/-/d3-dispatch-1.0.6.tgz",
      "integrity": "sha512-fVjoElzjhCEy+Hbn8KygnmMS7Or0a9sI2UzGwoB7cCtvI1XpVN9GpoYlnb3xt2YV66oXYb1fLJ8GMvP4hdU1RA=="
    }
  }
}
